
Microsoft Visual Studio Solution File, Format Version 12.00
# Visual Studio Version 16
VisualStudioVersion = 16.0.31229.75
MinimumVisualStudioVersion = 10.0.40219.1
Project("{8BC9CEB8-8B4A-11D0-8D11-00A0C91BC942}") = "Snake Windows", "Snake Windows.vcxproj", "{229B47D7-9382-4C17-B3C8-6855DCC04DA3}"
EndProject
Global
	GlobalSection(SolutionConfigurationPlatforms) = preSolution
		Debug|x64 = Debug|x64
		Debug|x86 = Debug|x86
		Release|x64 = Release|x64
		Release|x86 = Release|x86
	EndGlobalSection
	GlobalSection(ProjectConfigurationPlatforms) = postSolution
		{229B47D7-9382-4C17-B3C8-6855DCC04DA3}.Debug|x64.ActiveCfg = Debug|x64
		{229B47D7-9382-4C17-B3C8-6855DCC04DA3}.Debug|x64.Build.0 = Debug|x64
		{229B47D7-9382-4C17-B3C8-6855DCC04DA3}.Debug|x86.ActiveCfg = Debug|Win32
		{229B47D7-9382-4C17-B3C8-6855DCC04DA3}.Debug|x86.Build.0 = Debug|Win32
		{229B47D7-9382-4C17-B3C8-6855DCC04DA3}.Release|x64.ActiveCfg = Release|x64
		{229B47D7-9382-4C17-B3C8-6855DCC04DA3}.Release|x64.Build.0 = Release|x64
		{229B47D7-9382-4C17-B3C8-6855DCC04DA3}.Release|x86.ActiveCfg = Release|Win32
		{229B47D7-9382-4C17-B3C8-6855DCC04DA3}.Release|x86.Build.0 = Release|Win32
	EndGlobalSection
	GlobalSection(SolutionProperties) = preSolution
		HideSolutionNode = FALSE
	EndGlobalSection
	GlobalSection(ExtensibilityGlobals) = postSolution
		SolutionGuid = {E6D77C0C-D198-4B5F-8CB2-37170826A86A}
	EndGlobalSection
EndGlobal
